// !$*UTF8*$!
{
	archiveVersion = 1;
	classes = {
	};
	objectVersion = 56;
	objects = {

/* Begin PBXBuildFile section */
		A004FF292B56940F00F1C6ED /* lite-obs.framework in Frameworks */ = {isa = PBXBuildFile; fileRef = A004FF282B56940F00F1C6ED /* lite-obs.framework */; };
		A004FF2A2B56941800F1C6ED /* lite-obs.framework in Embed Frameworks */ = {isa = PBXBuildFile; fileRef = A004FF282B56940F00F1C6ED /* lite-obs.framework */; settings = {ATTRIBUTES = (CodeSignOnCopy, RemoveHeadersOnCopy, ); }; };
		A0AF3CE62B5117E3002C409D /* AppDelegate.m in Sources */ = {isa = PBXBuildFile; fileRef = A0AF3CE52B5117E3002C409D /* AppDelegate.m */; };
		A0AF3CE92B5117E3002C409D /* SceneDelegate.m in Sources */ = {isa = PBXBuildFile; fileRef = A0AF3CE82B5117E3002C409D /* SceneDelegate.m */; };
		A0AF3CEF2B5117E3002C409D /* Main.storyboard in Resources */ = {isa = PBXBuildFile; fileRef = A0AF3CED2B5117E3002C409D /* Main.storyboard */; };
		A0AF3CF12B5117E5002C409D /* Assets.xcassets in Resources */ = {isa = PBXBuildFile; fileRef = A0AF3CF02B5117E5002C409D /* Assets.xcassets */; };
		A0AF3CF42B5117E5002C409D /* LaunchScreen.storyboard in Resources */ = {isa = PBXBuildFile; fileRef = A0AF3CF22B5117E5002C409D /* LaunchScreen.storyboard */; };
		A0AF3CF72B5117E5002C409D /* main.m in Sources */ = {isa = PBXBuildFile; fileRef = A0AF3CF62B5117E5002C409D /* main.m */; };
		A0AF3D102B512C30002C409D /* TcpServer.cpp in Sources */ = {isa = PBXBuildFile; fileRef = A0AF3D0E2B512C30002C409D /* TcpServer.cpp */; };
		A0AF3D122B512D6C002C409D /* ViewController.mm in Sources */ = {isa = PBXBuildFile; fileRef = A0AF3D112B512D6C002C409D /* ViewController.mm */; };
/* End PBXBuildFile section */

/* Begin PBXCopyFilesBuildPhase section */
		A0AF3D012B5126F7002C409D /* Embed Frameworks */ = {
			isa = PBXCopyFilesBuildPhase;
			buildActionMask = 2147483647;
			dstPath = "";
			dstSubfolderSpec = 10;
			files = (
				A004FF2A2B56941800F1C6ED /* lite-obs.framework in Embed Frameworks */,
			);
			name = "Embed Frameworks";
			runOnlyForDeploymentPostprocessing = 0;
		};
/* End PBXCopyFilesBuildPhase section */

/* Begin PBXFileReference section */
		A004FF282B56940F00F1C6ED /* lite-obs.framework */ = {isa = PBXFileReference; lastKnownFileType = wrapper.framework; name = "lite-obs.framework"; path = "Frameworks/lite-obs.framework"; sourceTree = "<group>"; };
		A0AF3CE12B5117E3002C409D /* iOS-demo.app */ = {isa = PBXFileReference; explicitFileType = wrapper.application; includeInIndex = 0; path = "iOS-demo.app"; sourceTree = BUILT_PRODUCTS_DIR; };
		A0AF3CE42B5117E3002C409D /* AppDelegate.h */ = {isa = PBXFileReference; lastKnownFileType = sourcecode.c.h; path = AppDelegate.h; sourceTree = "<group>"; };
		A0AF3CE52B5117E3002C409D /* AppDelegate.m */ = {isa = PBXFileReference; lastKnownFileType = sourcecode.c.objc; path = AppDelegate.m; sourceTree = "<group>"; };
		A0AF3CE72B5117E3002C409D /* SceneDelegate.h */ = {isa = PBXFileReference; lastKnownFileType = sourcecode.c.h; path = SceneDelegate.h; sourceTree = "<group>"; };
		A0AF3CE82B5117E3002C409D /* SceneDelegate.m */ = {isa = PBXFileReference; lastKnownFileType = sourcecode.c.objc; path = SceneDelegate.m; sourceTree = "<group>"; };
		A0AF3CEA2B5117E3002C409D /* ViewController.h */ = {isa = PBXFileReference; lastKnownFileType = sourcecode.c.h; path = ViewController.h; sourceTree = "<group>"; };
		A0AF3CEE2B5117E3002C409D /* Base */ = {isa = PBXFileReference; lastKnownFileType = file.storyboard; name = Base; path = Base.lproj/Main.storyboard; sourceTree = "<group>"; };
		A0AF3CF02B5117E5002C409D /* Assets.xcassets */ = {isa = PBXFileReference; lastKnownFileType = folder.assetcatalog; path = Assets.xcassets; sourceTree = "<group>"; };
		A0AF3CF32B5117E5002C409D /* Base */ = {isa = PBXFileReference; lastKnownFileType = file.storyboard; name = Base; path = Base.lproj/LaunchScreen.storyboard; sourceTree = "<group>"; };
		A0AF3CF52B5117E5002C409D /* Info.plist */ = {isa = PBXFileReference; lastKnownFileType = text.plist.xml; path = Info.plist; sourceTree = "<group>"; };
		A0AF3CF62B5117E5002C409D /* main.m */ = {isa = PBXFileReference; lastKnownFileType = sourcecode.c.objc; path = main.m; sourceTree = "<group>"; };
		A0AF3D0E2B512C30002C409D /* TcpServer.cpp */ = {isa = PBXFileReference; lastKnownFileType = sourcecode.cpp.cpp; path = TcpServer.cpp; sourceTree = "<group>"; };
		A0AF3D0F2B512C30002C409D /* TcpServer.hpp */ = {isa = PBXFileReference; lastKnownFileType = sourcecode.cpp.h; path = TcpServer.hpp; sourceTree = "<group>"; };
		A0AF3D112B512D6C002C409D /* ViewController.mm */ = {isa = PBXFileReference; fileEncoding = 4; lastKnownFileType = sourcecode.cpp.objcpp; path = ViewController.mm; sourceTree = "<group>"; };
/* End PBXFileReference section */

/* Begin PBXFrameworksBuildPhase section */
		A0AF3CDE2B5117E3002C409D /* Frameworks */ = {
			isa = PBXFrameworksBuildPhase;
			buildActionMask = 2147483647;
			files = (
				A004FF292B56940F00F1C6ED /* lite-obs.framework in Frameworks */,
			);
			runOnlyForDeploymentPostprocessing = 0;
		};
/* End PBXFrameworksBuildPhase section */

/* Begin PBXGroup section */
		A0AF3CD82B5117E3002C409D = {
			isa = PBXGroup;
			children = (
				A0AF3CE32B5117E3002C409D /* iOS-demo */,
				A0AF3CE22B5117E3002C409D /* Products */,
			);
			sourceTree = "<group>";
		};
		A0AF3CE22B5117E3002C409D /* Products */ = {
			isa = PBXGroup;
			children = (
				A0AF3CE12B5117E3002C409D /* iOS-demo.app */,
			);
			name = Products;
			sourceTree = "<group>";
		};
		A0AF3CE32B5117E3002C409D /* iOS-demo */ = {
			isa = PBXGroup;
			children = (
				A0AF3D112B512D6C002C409D /* ViewController.mm */,
				A0AF3CE42B5117E3002C409D /* AppDelegate.h */,
				A0AF3CE52B5117E3002C409D /* AppDelegate.m */,
				A0AF3CE72B5117E3002C409D /* SceneDelegate.h */,
				A0AF3CE82B5117E3002C409D /* SceneDelegate.m */,
				A0AF3CEA2B5117E3002C409D /* ViewController.h */,
				A0AF3CED2B5117E3002C409D /* Main.storyboard */,
				A0AF3CF02B5117E5002C409D /* Assets.xcassets */,
				A0AF3CF22B5117E5002C409D /* LaunchScreen.storyboard */,
				A0AF3CF52B5117E5002C409D /* Info.plist */,
				A0AF3CF62B5117E5002C409D /* main.m */,
				A0AF3D0E2B512C30002C409D /* TcpServer.cpp */,
				A0AF3D0F2B512C30002C409D /* TcpServer.hpp */,
				A004FF282B56940F00F1C6ED /* lite-obs.framework */,
			);
			path = "iOS-demo";
			sourceTree = "<group>";
		};
/* End PBXGroup section */

/* Begin PBXNativeTarget section */
		A0AF3CE02B5117E3002C409D /* iOS-demo */ = {
			isa = PBXNativeTarget;
			buildConfigurationList = A0AF3CFA2B5117E5002C409D /* Build configuration list for PBXNativeTarget "iOS-demo" */;
			buildPhases = (
				A0AF3CDD2B5117E3002C409D /* Sources */,
				A0AF3CDE2B5117E3002C409D /* Frameworks */,
				A0AF3CDF2B5117E3002C409D /* Resources */,
				A0AF3D012B5126F7002C409D /* Embed Frameworks */,
			);
			buildRules = (
			);
			dependencies = (
			);
			name = "iOS-demo";
			productName = "iOS-demo";
			productReference = A0AF3CE12B5117E3002C409D /* iOS-demo.app */;
			productType = "com.apple.product-type.application";
		};
/* End PBXNativeTarget section */

/* Begin PBXProject section */
		A0AF3CD92B5117E3002C409D /* Project object */ = {
			isa = PBXProject;
			attributes = {
				BuildIndependentTargetsInParallel = 1;
				LastUpgradeCheck = 1510;
				TargetAttributes = {
					A0AF3CE02B5117E3002C409D = {
						CreatedOnToolsVersion = 15.1;
					};
				};
			};
			buildConfigurationList = A0AF3CDC2B5117E3002C409D /* Build configuration list for PBXProject "iOS-demo" */;
			compatibilityVersion = "Xcode 14.0";
			developmentRegion = en;
			hasScannedForEncodings = 0;
			knownRegions = (
				en,
				Base,
			);
			mainGroup = A0AF3CD82B5117E3002C409D;
			productRefGroup = A0AF3CE22B5117E3002C409D /* Products */;
			projectDirPath = "";
			projectRoot = "";
			targets = (
				A0AF3CE02B5117E3002C409D /* iOS-demo */,
			);
		};
/* End PBXProject section */

/* Begin PBXResourcesBuildPhase section */
		A0AF3CDF2B5117E3002C409D /* Resources */ = {
			isa = PBXResourcesBuildPhase;
			buildActionMask = 2147483647;
			files = (
				A0AF3CF42B5117E5002C409D /* LaunchScreen.storyboard in Resources */,
				A0AF3CF12B5117E5002C409D /* Assets.xcassets in Resources */,
				A0AF3CEF2B5117E3002C409D /* Main.storyboard in Resources */,
			);
			runOnlyForDeploymentPostprocessing = 0;
		};
/* End PBXResourcesBuildPhase section */

/* Begin PBXSourcesBuildPhase section */
		A0AF3CDD2B5117E3002C409D /* Sources */ = {
			isa = PBXSourcesBuildPhase;
			buildActionMask = 2147483647;
			files = (
				A0AF3CE62B5117E3002C409D /* AppDelegate.m in Sources */,
				A0AF3CF72B5117E5002C409D /* main.m in Sources */,
				A0AF3D122B512D6C002C409D /* ViewController.mm in Sources */,
				A0AF3CE92B5117E3002C409D /* SceneDelegate.m in Sources */,
				A0AF3D102B512C30002C409D /* TcpServer.cpp in Sources */,
			);
			runOnlyForDeploymentPostprocessing = 0;
		};
/* End PBXSourcesBuildPhase section */

/* Begin PBXVariantGroup section */
		A0AF3CED2B5117E3002C409D /* Main.storyboard */ = {
			isa = PBXVariantGroup;
			children = (
				A0AF3CEE2B5117E3002C409D /* Base */,
			);
			name = Main.storyboard;
			sourceTree = "<group>";
		};
		A0AF3CF22B5117E5002C409D /* LaunchScreen.storyboard */ = {
			isa = PBXVariantGroup;
			children = (
				A0AF3CF32B5117E5002C409D /* Base */,
			);
			name = LaunchScreen.storyboard;
			sourceTree = "<group>";
		};
/* End PBXVariantGroup section */

/* Begin XCBuildConfiguration section */
		A0AF3CF82B5117E5002C409D /* Debug */ = {
			isa = XCBuildConfiguration;
			buildSettings = {
				ALWAYS_SEARCH_USER_PATHS = NO;
				ASSETCATALOG_COMPILER_GENERATE_SWIFT_ASSET_SYMBOL_EXTENSIONS = YES;
				CLANG_ANALYZER_NONNULL = YES;
				CLANG_ANALYZER_NUMBER_OBJECT_CONVERSION = YES_AGGRESSIVE;
				CLANG_CXX_LANGUAGE_STANDARD = "gnu++20";
				CLANG_ENABLE_MODULES = YES;
				CLANG_ENABLE_OBJC_ARC = YES;
				CLANG_ENABLE_OBJC_WEAK = YES;
				CLANG_WARN_BLOCK_CAPTURE_AUTORELEASING = YES;
				CLANG_WARN_BOOL_CONVERSION = YES;
				CLANG_WARN_COMMA = YES;
				CLANG_WARN_CONSTANT_CONVERSION = YES;
				CLANG_WARN_DEPRECATED_OBJC_IMPLEMENTATIONS = YES;
				CLANG_WARN_DIRECT_OBJC_ISA_USAGE = YES_ERROR;
				CLANG_WARN_DOCUMENTATION_COMMENTS = YES;
				CLANG_WARN_EMPTY_BODY = YES;
				CLANG_WARN_ENUM_CONVERSION = YES;
				CLANG_WARN_INFINITE_RECURSION = YES;
				CLANG_WARN_INT_CONVERSION = YES;
				CLANG_WARN_NON_LITERAL_NULL_CONVERSION = YES;
				CLANG_WARN_OBJC_IMPLICIT_RETAIN_SELF = YES;
				CLANG_WARN_OBJC_LITERAL_CONVERSION = YES;
				CLANG_WARN_OBJC_ROOT_CLASS = YES_ERROR;
				CLANG_WARN_QUOTED_INCLUDE_IN_FRAMEWORK_HEADER = YES;
				CLANG_WARN_RANGE_LOOP_ANALYSIS = YES;
				CLANG_WARN_STRICT_PROTOTYPES = YES;
				CLANG_WARN_SUSPICIOUS_MOVE = YES;
				CLANG_WARN_UNGUARDED_AVAILABILITY = YES_AGGRESSIVE;
				CLANG_WARN_UNREACHABLE_CODE = YES;
				CLANG_WARN__DUPLICATE_METHOD_MATCH = YES;
				COPY_PHASE_STRIP = NO;
				DEBUG_INFORMATION_FORMAT = dwarf;
				ENABLE_STRICT_OBJC_MSGSEND = YES;
				ENABLE_TESTABILITY = YES;
				ENABLE_USER_SCRIPT_SANDBOXING = YES;
				GCC_C_LANGUAGE_STANDARD = gnu17;
				GCC_DYNAMIC_NO_PIC = NO;
				GCC_NO_COMMON_BLOCKS = YES;
				GCC_OPTIMIZATION_LEVEL = 0;
				GCC_PREPROCESSOR_DEFINITIONS = (
					"DEBUG=1",
					"$(inherited)",
				);
				GCC_WARN_64_TO_32_BIT_CONVERSION = YES;
				GCC_WARN_ABOUT_RETURN_TYPE = YES_ERROR;
				GCC_WARN_UNDECLARED_SELECTOR = YES;
				GCC_WARN_UNINITIALIZED_AUTOS = YES_AGGRESSIVE;
				GCC_WARN_UNUSED_FUNCTION = YES;
				GCC_WARN_UNUSED_VARIABLE = YES;
				IPHONEOS_DEPLOYMENT_TARGET = 17.2;
				LOCALIZATION_PREFERS_STRING_CATALOGS = YES;
				MTL_ENABLE_DEBUG_INFO = INCLUDE_SOURCE;
				MTL_FAST_MATH = YES;
				ONLY_ACTIVE_ARCH = YES;
				SDKROOT = iphoneos;
			};
			name = Debug;
		};
		A0AF3CF92B5117E5002C409D /* Release */ = {
			isa = XCBuildConfiguration;
			buildSettings = {
				ALWAYS_SEARCH_USER_PATHS = NO;
				ASSETCATALOG_COMPILER_GENERATE_SWIFT_ASSET_SYMBOL_EXTENSIONS = YES;
				CLANG_ANALYZER_NONNULL = YES;
				CLANG_ANALYZER_NUMBER_OBJECT_CONVERSION = YES_AGGRESSIVE;
				CLANG_CXX_LANGUAGE_STANDARD = "gnu++20";
				CLANG_ENABLE_MODULES = YES;
				CLANG_ENABLE_OBJC_ARC = YES;
				CLANG_ENABLE_OBJC_WEAK = YES;
				CLANG_WARN_BLOCK_CAPTURE_AUTORELEASING = YES;
				CLANG_WARN_BOOL_CONVERSION = YES;
				CLANG_WARN_COMMA = YES;
				CLANG_WARN_CONSTANT_CONVERSION = YES;
				CLANG_WARN_DEPRECATED_OBJC_IMPLEMENTATIONS = YES;
				CLANG_WARN_DIRECT_OBJC_ISA_USAGE = YES_ERROR;
				CLANG_WARN_DOCUMENTATION_COMMENTS = YES;
				CLANG_WARN_EMPTY_BODY = YES;
				CLANG_WARN_ENUM_CONVERSION = YES;
				CLANG_WARN_INFINITE_RECURSION = YES;
				CLANG_WARN_INT_CONVERSION = YES;
				CLANG_WARN_NON_LITERAL_NULL_CONVERSION = YES;
				CLANG_WARN_OBJC_IMPLICIT_RETAIN_SELF = YES;
				CLANG_WARN_OBJC_LITERAL_CONVERSION = YES;
				CLANG_WARN_OBJC_ROOT_CLASS = YES_ERROR;
				CLANG_WARN_QUOTED_INCLUDE_IN_FRAMEWORK_HEADER = YES;
				CLANG_WARN_RANGE_LOOP_ANALYSIS = YES;
				CLANG_WARN_STRICT_PROTOTYPES = YES;
				CLANG_WARN_SUSPICIOUS_MOVE = YES;
				CLANG_WARN_UNGUARDED_AVAILABILITY = YES_AGGRESSIVE;
				CLANG_WARN_UNREACHABLE_CODE = YES;
				CLANG_WARN__DUPLICATE_METHOD_MATCH = YES;
				COPY_PHASE_STRIP = NO;
				DEBUG_INFORMATION_FORMAT = "dwarf-with-dsym";
				ENABLE_NS_ASSERTIONS = NO;
				ENABLE_STRICT_OBJC_MSGSEND = YES;
				ENABLE_USER_SCRIPT_SANDBOXING = YES;
				GCC_C_LANGUAGE_STANDARD = gnu17;
				GCC_NO_COMMON_BLOCKS = YES;
				GCC_WARN_64_TO_32_BIT_CONVERSION = YES;
				GCC_WARN_ABOUT_RETURN_TYPE = YES_ERROR;
				GCC_WARN_UNDECLARED_SELECTOR = YES;
				GCC_WARN_UNINITIALIZED_AUTOS = YES_AGGRESSIVE;
				GCC_WARN_UNUSED_FUNCTION = YES;
				GCC_WARN_UNUSED_VARIABLE = YES;
				IPHONEOS_DEPLOYMENT_TARGET = 17.2;
				LOCALIZATION_PREFERS_STRING_CATALOGS = YES;
				MTL_ENABLE_DEBUG_INFO = NO;
				MTL_FAST_MATH = YES;
				SDKROOT = iphoneos;
				VALIDATE_PRODUCT = YES;
			};
			name = Release;
		};
		A0AF3CFB2B5117E5002C409D /* Debug */ = {
			isa = XCBuildConfiguration;
			buildSettings = {
				ASSETCATALOG_COMPILER_APPICON_NAME = AppIcon;
				ASSETCATALOG_COMPILER_GLOBAL_ACCENT_COLOR_NAME = AccentColor;
				CODE_SIGN_IDENTITY = "Apple Development";
				CODE_SIGN_STYLE = Automatic;
				CURRENT_PROJECT_VERSION = 1;
				DEVELOPMENT_TEAM = 39SRVJSU36;
				FRAMEWORK_SEARCH_PATHS = (
					"$(inherited)",
					"$(PROJECT_DIR)/iOS-demo",
					"$(PROJECT_DIR)/iOS-demo/dep",
					"$(PROJECT_DIR)/iOS-demo/dep/ssss",
					"$(PROJECT_DIR)/iOS-demo/Frameworks",
				);
				GENERATE_INFOPLIST_FILE = YES;
				INFOPLIST_FILE = "iOS-demo/Info.plist";
				INFOPLIST_KEY_UIApplicationSupportsIndirectInputEvents = YES;
				INFOPLIST_KEY_UILaunchStoryboardName = LaunchScreen;
				INFOPLIST_KEY_UIMainStoryboardFile = Main;
				INFOPLIST_KEY_UISupportedInterfaceOrientations_iPad = "UIInterfaceOrientationPortrait UIInterfaceOrientationPortraitUpsideDown UIInterfaceOrientationLandscapeLeft UIInterfaceOrientationLandscapeRight";
				INFOPLIST_KEY_UISupportedInterfaceOrientations_iPhone = "UIInterfaceOrientationPortrait UIInterfaceOrientationLandscapeLeft UIInterfaceOrientationLandscapeRight";
				IPHONEOS_DEPLOYMENT_TARGET = 13.0;
				LD_RUNPATH_SEARCH_PATHS = (
					"$(inherited)",
					"@executable_path/Frameworks",
				);
				MARKETING_VERSION = 1.0;
				PRODUCT_BUNDLE_IDENTIFIER = "com.ypp.iOS-demo";
				PRODUCT_NAME = "$(TARGET_NAME)";
				PROVISIONING_PROFILE_SPECIFIER = "";
				SUPPORTED_PLATFORMS = "iphoneos iphonesimulator";
				SUPPORTS_MACCATALYST = NO;
				SUPPORTS_MAC_DESIGNED_FOR_IPHONE_IPAD = NO;
				SWIFT_EMIT_LOC_STRINGS = YES;
				TARGETED_DEVICE_FAMILY = 1;
			};
			name = Debug;
		};
		A0AF3CFC2B5117E5002C409D /* Release */ = {
			isa = XCBuildConfiguration;
			buildSettings = {
				ASSETCATALOG_COMPILER_APPICON_NAME = AppIcon;
				ASSETCATALOG_COMPILER_GLOBAL_ACCENT_COLOR_NAME = AccentColor;
				CODE_SIGN_IDENTITY = "Apple Development";
				CODE_SIGN_STYLE = Automatic;
				CURRENT_PROJECT_VERSION = 1;
				DEVELOPMENT_TEAM = 39SRVJSU36;
				FRAMEWORK_SEARCH_PATHS = (
					"$(inherited)",
					"$(PROJECT_DIR)/iOS-demo",
					"$(PROJECT_DIR)/iOS-demo/dep",
					"$(PROJECT_DIR)/iOS-demo/dep/ssss",
					"$(PROJECT_DIR)/iOS-demo/Frameworks",
				);
				GENERATE_INFOPLIST_FILE = YES;
				INFOPLIST_FILE = "iOS-demo/Info.plist";
				INFOPLIST_KEY_UIApplicationSupportsIndirectInputEvents = YES;
				INFOPLIST_KEY_UILaunchStoryboardName = LaunchScreen;
				INFOPLIST_KEY_UIMainStoryboardFile = Main;
				INFOPLIST_KEY_UISupportedInterfaceOrientations_iPad = "UIInterfaceOrientationPortrait UIInterfaceOrientationPortraitUpsideDown UIInterfaceOrientationLandscapeLeft UIInterfaceOrientationLandscapeRight";
				INFOPLIST_KEY_UISupportedInterfaceOrientations_iPhone = "UIInterfaceOrientationPortrait UIInterfaceOrientationLandscapeLeft UIInterfaceOrientationLandscapeRight";
				IPHONEOS_DEPLOYMENT_TARGET = 13.0;
				LD_RUNPATH_SEARCH_PATHS = (
					"$(inherited)",
					"@executable_path/Frameworks",
				);
				MARKETING_VERSION = 1.0;
				PRODUCT_BUNDLE_IDENTIFIER = "com.ypp.iOS-demo";
				PRODUCT_NAME = "$(TARGET_NAME)";
				PROVISIONING_PROFILE_SPECIFIER = "";
				SUPPORTED_PLATFORMS = "iphoneos iphonesimulator";
				SUPPORTS_MACCATALYST = NO;
				SUPPORTS_MAC_DESIGNED_FOR_IPHONE_IPAD = NO;
				SWIFT_EMIT_LOC_STRINGS = YES;
				TARGETED_DEVICE_FAMILY = 1;
			};
			name = Release;
		};
/* End XCBuildConfiguration section */

/* Begin XCConfigurationList section */
		A0AF3CDC2B5117E3002C409D /* Build configuration list for PBXProject "iOS-demo" */ = {
			isa = XCConfigurationList;
			buildConfigurations = (
				A0AF3CF82B5117E5002C409D /* Debug */,
				A0AF3CF92B5117E5002C409D /* Release */,
			);
			defaultConfigurationIsVisible = 0;
			defaultConfigurationName = Release;
		};
		A0AF3CFA2B5117E5002C409D /* Build configuration list for PBXNativeTarget "iOS-demo" */ = {
			isa = XCConfigurationList;
			buildConfigurations = (
				A0AF3CFB2B5117E5002C409D /* Debug */,
				A0AF3CFC2B5117E5002C409D /* Release */,
			);
			defaultConfigurationIsVisible = 0;
			defaultConfigurationName = Release;
		};
/* End XCConfigurationList section */
	};
	rootObject = A0AF3CD92B5117E3002C409D /* Project object */;
}
